
Microsoft Visual Studio Solution File, Format Version 12.00
# Visual Studio 15
VisualStudioVersion = 15.0.28307.106
MinimumVisualStudioVersion = 10.0.40219.1
Project("{FAE04EC0-301F-11D3-BF4B-00C04F79EFBC}") = "Capgemini_Test_Project", "Capgemini_Test_Project\Capgemini_Test_Project.csproj", "{EC23D665-BB9D-4C94-B8A5-CD8BFA80AF19}"
EndProject
Global
	GlobalSection(SolutionConfigurationPlatforms) = preSolution
		Debug|Any CPU = Debug|Any CPU
		Release|Any CPU = Release|Any CPU
	EndGlobalSection
	GlobalSection(ProjectConfigurationPlatforms) = postSolution
		{EC23D665-BB9D-4C94-B8A5-CD8BFA80AF19}.Debug|Any CPU.ActiveCfg = Debug|Any CPU
		{EC23D665-BB9D-4C94-B8A5-CD8BFA80AF19}.Debug|Any CPU.Build.0 = Debug|Any CPU
		{EC23D665-BB9D-4C94-B8A5-CD8BFA80AF19}.Release|Any CPU.ActiveCfg = Release|Any CPU
		{EC23D665-BB9D-4C94-B8A5-CD8BFA80AF19}.Release|Any CPU.Build.0 = Release|Any CPU
	EndGlobalSection
	GlobalSection(SolutionProperties) = preSolution
		HideSolutionNode = FALSE
	EndGlobalSection
	GlobalSection(ExtensibilityGlobals) = postSolution
		SolutionGuid = {FB05CCA1-EA4D-4C84-B155-53BA5102F848}
	EndGlobalSection
EndGlobal
